
Microsoft Visual Studio Solution File, Format Version 12.00
# Visual Studio Version 17
VisualStudioVersion = 17.6.33829.357
MinimumVisualStudioVersion = 10.0.40219.1
Project("{FAE04EC0-301F-11D3-BF4B-00C04F79EFBC}") = "SchoolCsharpAssignment1", "SchoolCsharpAssignment1\SchoolCsharpAssignment1.csproj", "{41719710-5615-4B10-8B54-1CD77BEA6995}"
EndProject
Global
	GlobalSection(SolutionConfigurationPlatforms) = preSolution
		Debug|Any CPU = Debug|Any CPU
		Release|Any CPU = Release|Any CPU
	EndGlobalSection
	GlobalSection(ProjectConfigurationPlatforms) = postSolution
		{41719710-5615-4B10-8B54-1CD77BEA6995}.Debug|Any CPU.ActiveCfg = Debug|Any CPU
		{41719710-5615-4B10-8B54-1CD77BEA6995}.Debug|Any CPU.Build.0 = Debug|Any CPU
		{41719710-5615-4B10-8B54-1CD77BEA6995}.Release|Any CPU.ActiveCfg = Release|Any CPU
		{41719710-5615-4B10-8B54-1CD77BEA6995}.Release|Any CPU.Build.0 = Release|Any CPU
	EndGlobalSection
	GlobalSection(SolutionProperties) = preSolution
		HideSolutionNode = FALSE
	EndGlobalSection
	GlobalSection(ExtensibilityGlobals) = postSolution
		SolutionGuid = {FA0B97F2-A898-4FD7-BEC5-6AF10948D049}
	EndGlobalSection
EndGlobal
